
Microsoft Visual Studio Solution File, Format Version 12.00
# Visual Studio Version 17
VisualStudioVersion = 17.5.33516.290
MinimumVisualStudioVersion = 10.0.40219.1
Project("{FAE04EC0-301F-11D3-BF4B-00C04F79EFBC}") = "WebApplication3", "WebApplication3\WebApplication3.csproj", "{BFE70EB8-68C5-4D91-9B35-F79DB5994603}"
EndProject
Global
	GlobalSection(SolutionConfigurationPlatforms) = preSolution
		Debug|Any CPU = Debug|Any CPU
		Release|Any CPU = Release|Any CPU
	EndGlobalSection
	GlobalSection(ProjectConfigurationPlatforms) = postSolution
		{BFE70EB8-68C5-4D91-9B35-F79DB5994603}.Debug|Any CPU.ActiveCfg = Debug|Any CPU
		{BFE70EB8-68C5-4D91-9B35-F79DB5994603}.Debug|Any CPU.Build.0 = Debug|Any CPU
		{BFE70EB8-68C5-4D91-9B35-F79DB5994603}.Release|Any CPU.ActiveCfg = Release|Any CPU
		{BFE70EB8-68C5-4D91-9B35-F79DB5994603}.Release|Any CPU.Build.0 = Release|Any CPU
	EndGlobalSection
	GlobalSection(SolutionProperties) = preSolution
		HideSolutionNode = FALSE
	EndGlobalSection
	GlobalSection(ExtensibilityGlobals) = postSolution
		SolutionGuid = {85D1936B-249A-468F-B771-6D70F1C31E65}
	EndGlobalSection
EndGlobal
